// !$*UTF8*$!
{
	archiveVersion = 1;
	classes = {
	};
	objectVersion = 55;
	objects = {

/* Begin PBXBuildFile section */
		42F91B9E2A1541B600DC0B6F /* main.cpp in Sources */ = {isa = PBXBuildFile; fileRef = 42F91B9D2A1541B600DC0B6F /* main.cpp */; };
		42F91BA52A1541FB00DC0B6F /* Snack.cpp in Sources */ = {isa = PBXBuildFile; fileRef = 42F91BA42A1541FB00DC0B6F /* Snack.cpp */; };
		42F91BA72A15422700DC0B6F /* SnackHashing.cpp in Sources */ = {isa = PBXBuildFile; fileRef = 42F91BA62A15422700DC0B6F /* SnackHashing.cpp */; };
		42F91BAB2A15EFB800DC0B6F /* AccompanimentHashing.cpp in Sources */ = {isa = PBXBuildFile; fileRef = 42F91BAA2A15EFB800DC0B6F /* AccompanimentHashing.cpp */; };
		42F91BAE2A16124300DC0B6F /* Accompaniment.cpp in Sources */ = {isa = PBXBuildFile; fileRef = 42F91BAD2A16124300DC0B6F /* Accompaniment.cpp */; };
/* End PBXBuildFile section */

/* Begin PBXCopyFilesBuildPhase section */
		42F91B982A1541B600DC0B6F /* CopyFiles */ = {
			isa = PBXCopyFilesBuildPhase;
			buildActionMask = 2147483647;
			dstPath = /usr/share/man/man1/;
			dstSubfolderSpec = 0;
			files = (
			);
			runOnlyForDeploymentPostprocessing = 1;
		};
/* End PBXCopyFilesBuildPhase section */

/* Begin PBXFileReference section */
		42F91B9A2A1541B600DC0B6F /* hw4 */ = {isa = PBXFileReference; explicitFileType = "compiled.mach-o.executable"; includeInIndex = 0; path = hw4; sourceTree = BUILT_PRODUCTS_DIR; };
		42F91B9D2A1541B600DC0B6F /* main.cpp */ = {isa = PBXFileReference; lastKnownFileType = sourcecode.cpp.cpp; path = main.cpp; sourceTree = "<group>"; };
		42F91BA42A1541FB00DC0B6F /* Snack.cpp */ = {isa = PBXFileReference; lastKnownFileType = sourcecode.cpp.cpp; path = Snack.cpp; sourceTree = "<group>"; };
		42F91BA62A15422700DC0B6F /* SnackHashing.cpp */ = {isa = PBXFileReference; lastKnownFileType = sourcecode.cpp.cpp; path = SnackHashing.cpp; sourceTree = "<group>"; };
		42F91BA82A15424300DC0B6F /* Snack.h */ = {isa = PBXFileReference; lastKnownFileType = sourcecode.c.h; path = Snack.h; sourceTree = "<group>"; };
		42F91BA92A15425800DC0B6F /* SnackHashing.h */ = {isa = PBXFileReference; lastKnownFileType = sourcecode.c.h; path = SnackHashing.h; sourceTree = "<group>"; };
		42F91BAA2A15EFB800DC0B6F /* AccompanimentHashing.cpp */ = {isa = PBXFileReference; lastKnownFileType = sourcecode.cpp.cpp; path = AccompanimentHashing.cpp; sourceTree = "<group>"; };
		42F91BAC2A15EFD900DC0B6F /* AccompanimentHashing.h */ = {isa = PBXFileReference; lastKnownFileType = sourcecode.c.h; path = AccompanimentHashing.h; sourceTree = "<group>"; };
		42F91BAD2A16124300DC0B6F /* Accompaniment.cpp */ = {isa = PBXFileReference; lastKnownFileType = sourcecode.cpp.cpp; path = Accompaniment.cpp; sourceTree = "<group>"; };
		42F91BAF2A16125B00DC0B6F /* Accompaniment.h */ = {isa = PBXFileReference; lastKnownFileType = sourcecode.c.h; path = Accompaniment.h; sourceTree = "<group>"; };
/* End PBXFileReference section */

/* Begin PBXFrameworksBuildPhase section */
		42F91B972A1541B600DC0B6F /* Frameworks */ = {
			isa = PBXFrameworksBuildPhase;
			buildActionMask = 2147483647;
			files = (
			);
			runOnlyForDeploymentPostprocessing = 0;
		};
/* End PBXFrameworksBuildPhase section */

/* Begin PBXGroup section */
		42F91B912A1541B600DC0B6F = {
			isa = PBXGroup;
			children = (
				42F91B9C2A1541B600DC0B6F /* hw4 */,
				42F91B9B2A1541B600DC0B6F /* Products */,
			);
			sourceTree = "<group>";
		};
		42F91B9B2A1541B600DC0B6F /* Products */ = {
			isa = PBXGroup;
			children = (
				42F91B9A2A1541B600DC0B6F /* hw4 */,
			);
			name = Products;
			sourceTree = "<group>";
		};
		42F91B9C2A1541B600DC0B6F /* hw4 */ = {
			isa = PBXGroup;
			children = (
				42F91B9D2A1541B600DC0B6F /* main.cpp */,
				42F91BA42A1541FB00DC0B6F /* Snack.cpp */,
				42F91BA82A15424300DC0B6F /* Snack.h */,
				42F91BA62A15422700DC0B6F /* SnackHashing.cpp */,
				42F91BA92A15425800DC0B6F /* SnackHashing.h */,
				42F91BAA2A15EFB800DC0B6F /* AccompanimentHashing.cpp */,
				42F91BAC2A15EFD900DC0B6F /* AccompanimentHashing.h */,
				42F91BAD2A16124300DC0B6F /* Accompaniment.cpp */,
				42F91BAF2A16125B00DC0B6F /* Accompaniment.h */,
			);
			path = hw4;
			sourceTree = "<group>";
		};
/* End PBXGroup section */

/* Begin PBXNativeTarget section */
		42F91B992A1541B600DC0B6F /* hw4 */ = {
			isa = PBXNativeTarget;
			buildConfigurationList = 42F91BA12A1541B600DC0B6F /* Build configuration list for PBXNativeTarget "hw4" */;
			buildPhases = (
				42F91B962A1541B600DC0B6F /* Sources */,
				42F91B972A1541B600DC0B6F /* Frameworks */,
				42F91B982A1541B600DC0B6F /* CopyFiles */,
			);
			buildRules = (
			);
			dependencies = (
			);
			name = hw4;
			productName = hw4;
			productReference = 42F91B9A2A1541B600DC0B6F /* hw4 */;
			productType = "com.apple.product-type.tool";
		};
/* End PBXNativeTarget section */

/* Begin PBXProject section */
		42F91B922A1541B600DC0B6F /* Project object */ = {
			isa = PBXProject;
			attributes = {
				BuildIndependentTargetsInParallel = 1;
				LastUpgradeCheck = 1340;
				TargetAttributes = {
					42F91B992A1541B600DC0B6F = {
						CreatedOnToolsVersion = 13.4.1;
					};
				};
			};
			buildConfigurationList = 42F91B952A1541B600DC0B6F /* Build configuration list for PBXProject "hw4" */;
			compatibilityVersion = "Xcode 13.0";
			developmentRegion = en;
			hasScannedForEncodings = 0;
			knownRegions = (
				en,
				Base,
			);
			mainGroup = 42F91B912A1541B600DC0B6F;
			productRefGroup = 42F91B9B2A1541B600DC0B6F /* Products */;
			projectDirPath = "";
			projectRoot = "";
			targets = (
				42F91B992A1541B600DC0B6F /* hw4 */,
			);
		};
/* End PBXProject section */

/* Begin PBXSourcesBuildPhase section */
		42F91B962A1541B600DC0B6F /* Sources */ = {
			isa = PBXSourcesBuildPhase;
			buildActionMask = 2147483647;
			files = (
				42F91BAE2A16124300DC0B6F /* Accompaniment.cpp in Sources */,
				42F91BA52A1541FB00DC0B6F /* Snack.cpp in Sources */,
				42F91BA72A15422700DC0B6F /* SnackHashing.cpp in Sources */,
				42F91BAB2A15EFB800DC0B6F /* AccompanimentHashing.cpp in Sources */,
				42F91B9E2A1541B600DC0B6F /* main.cpp in Sources */,
			);
			runOnlyForDeploymentPostprocessing = 0;
		};
/* End PBXSourcesBuildPhase section */

/* Begin XCBuildConfiguration section */
		42F91B9F2A1541B600DC0B6F /* Debug */ = {
			isa = XCBuildConfiguration;
			buildSettings = {
				ALWAYS_SEARCH_USER_PATHS = NO;
				CLANG_ANALYZER_NONNULL = YES;
				CLANG_ANALYZER_NUMBER_OBJECT_CONVERSION = YES_AGGRESSIVE;
				CLANG_CXX_LANGUAGE_STANDARD = "gnu++17";
				CLANG_ENABLE_MODULES = YES;
				CLANG_ENABLE_OBJC_ARC = YES;
				CLANG_ENABLE_OBJC_WEAK = YES;
				CLANG_WARN_BLOCK_CAPTURE_AUTORELEASING = YES;
				CLANG_WARN_BOOL_CONVERSION = YES;
				CLANG_WARN_COMMA = YES;
				CLANG_WARN_CONSTANT_CONVERSION = YES;
				CLANG_WARN_DEPRECATED_OBJC_IMPLEMENTATIONS = YES;
				CLANG_WARN_DIRECT_OBJC_ISA_USAGE = YES_ERROR;
				CLANG_WARN_DOCUMENTATION_COMMENTS = YES;
				CLANG_WARN_EMPTY_BODY = YES;
				CLANG_WARN_ENUM_CONVERSION = YES;
				CLANG_WARN_INFINITE_RECURSION = YES;
				CLANG_WARN_INT_CONVERSION = YES;
				CLANG_WARN_NON_LITERAL_NULL_CONVERSION = YES;
				CLANG_WARN_OBJC_IMPLICIT_RETAIN_SELF = YES;
				CLANG_WARN_OBJC_LITERAL_CONVERSION = YES;
				CLANG_WARN_OBJC_ROOT_CLASS = YES_ERROR;
				CLANG_WARN_QUOTED_INCLUDE_IN_FRAMEWORK_HEADER = YES;
				CLANG_WARN_RANGE_LOOP_ANALYSIS = YES;
				CLANG_WARN_STRICT_PROTOTYPES = YES;
				CLANG_WARN_SUSPICIOUS_MOVE = YES;
				CLANG_WARN_UNGUARDED_AVAILABILITY = YES_AGGRESSIVE;
				CLANG_WARN_UNREACHABLE_CODE = YES;
				CLANG_WARN__DUPLICATE_METHOD_MATCH = YES;
				COPY_PHASE_STRIP = NO;
				DEBUG_INFORMATION_FORMAT = dwarf;
				ENABLE_STRICT_OBJC_MSGSEND = YES;
				ENABLE_TESTABILITY = YES;
				GCC_C_LANGUAGE_STANDARD = gnu11;
				GCC_DYNAMIC_NO_PIC = NO;
				GCC_NO_COMMON_BLOCKS = YES;
				GCC_OPTIMIZATION_LEVEL = 0;
				GCC_PREPROCESSOR_DEFINITIONS = (
					"DEBUG=1",
					"$(inherited)",
				);
				GCC_WARN_64_TO_32_BIT_CONVERSION = YES;
				GCC_WARN_ABOUT_RETURN_TYPE = YES_ERROR;
				GCC_WARN_UNDECLARED_SELECTOR = YES;
				GCC_WARN_UNINITIALIZED_AUTOS = YES_AGGRESSIVE;
				GCC_WARN_UNUSED_FUNCTION = YES;
				GCC_WARN_UNUSED_VARIABLE = YES;
				MACOSX_DEPLOYMENT_TARGET = 12.3;
				MTL_ENABLE_DEBUG_INFO = INCLUDE_SOURCE;
				MTL_FAST_MATH = YES;
				ONLY_ACTIVE_ARCH = YES;
				SDKROOT = macosx;
			};
			name = Debug;
		};
		42F91BA02A1541B600DC0B6F /* Release */ = {
			isa = XCBuildConfiguration;
			buildSettings = {
				ALWAYS_SEARCH_USER_PATHS = NO;
				CLANG_ANALYZER_NONNULL = YES;
				CLANG_ANALYZER_NUMBER_OBJECT_CONVERSION = YES_AGGRESSIVE;
				CLANG_CXX_LANGUAGE_STANDARD = "gnu++17";
				CLANG_ENABLE_MODULES = YES;
				CLANG_ENABLE_OBJC_ARC = YES;
				CLANG_ENABLE_OBJC_WEAK = YES;
				CLANG_WARN_BLOCK_CAPTURE_AUTORELEASING = YES;
				CLANG_WARN_BOOL_CONVERSION = YES;
				CLANG_WARN_COMMA = YES;
				CLANG_WARN_CONSTANT_CONVERSION = YES;
				CLANG_WARN_DEPRECATED_OBJC_IMPLEMENTATIONS = YES;
				CLANG_WARN_DIRECT_OBJC_ISA_USAGE = YES_ERROR;
				CLANG_WARN_DOCUMENTATION_COMMENTS = YES;
				CLANG_WARN_EMPTY_BODY = YES;
				CLANG_WARN_ENUM_CONVERSION = YES;
				CLANG_WARN_INFINITE_RECURSION = YES;
				CLANG_WARN_INT_CONVERSION = YES;
				CLANG_WARN_NON_LITERAL_NULL_CONVERSION = YES;
				CLANG_WARN_OBJC_IMPLICIT_RETAIN_SELF = YES;
				CLANG_WARN_OBJC_LITERAL_CONVERSION = YES;
				CLANG_WARN_OBJC_ROOT_CLASS = YES_ERROR;
				CLANG_WARN_QUOTED_INCLUDE_IN_FRAMEWORK_HEADER = YES;
				CLANG_WARN_RANGE_LOOP_ANALYSIS = YES;
				CLANG_WARN_STRICT_PROTOTYPES = YES;
				CLANG_WARN_SUSPICIOUS_MOVE = YES;
				CLANG_WARN_UNGUARDED_AVAILABILITY = YES_AGGRESSIVE;
				CLANG_WARN_UNREACHABLE_CODE = YES;
				CLANG_WARN__DUPLICATE_METHOD_MATCH = YES;
				COPY_PHASE_STRIP = NO;
				DEBUG_INFORMATION_FORMAT = "dwarf-with-dsym";
				ENABLE_NS_ASSERTIONS = NO;
				ENABLE_STRICT_OBJC_MSGSEND = YES;
				GCC_C_LANGUAGE_STANDARD = gnu11;
				GCC_NO_COMMON_BLOCKS = YES;
				GCC_WARN_64_TO_32_BIT_CONVERSION = YES;
				GCC_WARN_ABOUT_RETURN_TYPE = YES_ERROR;
				GCC_WARN_UNDECLARED_SELECTOR = YES;
				GCC_WARN_UNINITIALIZED_AUTOS = YES_AGGRESSIVE;
				GCC_WARN_UNUSED_FUNCTION = YES;
				GCC_WARN_UNUSED_VARIABLE = YES;
				MACOSX_DEPLOYMENT_TARGET = 12.3;
				MTL_ENABLE_DEBUG_INFO = NO;
				MTL_FAST_MATH = YES;
				SDKROOT = macosx;
			};
			name = Release;
		};
		42F91BA22A1541B600DC0B6F /* Debug */ = {
			isa = XCBuildConfiguration;
			buildSettings = {
				CODE_SIGN_STYLE = Automatic;
				DEVELOPMENT_TEAM = BND9V36SP3;
				ENABLE_HARDENED_RUNTIME = YES;
				PRODUCT_NAME = "$(TARGET_NAME)";
			};
			name = Debug;
		};
		42F91BA32A1541B600DC0B6F /* Release */ = {
			isa = XCBuildConfiguration;
			buildSettings = {
				CODE_SIGN_STYLE = Automatic;
				DEVELOPMENT_TEAM = BND9V36SP3;
				ENABLE_HARDENED_RUNTIME = YES;
				PRODUCT_NAME = "$(TARGET_NAME)";
			};
			name = Release;
		};
/* End XCBuildConfiguration section */

/* Begin XCConfigurationList section */
		42F91B952A1541B600DC0B6F /* Build configuration list for PBXProject "hw4" */ = {
			isa = XCConfigurationList;
			buildConfigurations = (
				42F91B9F2A1541B600DC0B6F /* Debug */,
				42F91BA02A1541B600DC0B6F /* Release */,
			);
			defaultConfigurationIsVisible = 0;
			defaultConfigurationName = Release;
		};
		42F91BA12A1541B600DC0B6F /* Build configuration list for PBXNativeTarget "hw4" */ = {
			isa = XCConfigurationList;
			buildConfigurations = (
				42F91BA22A1541B600DC0B6F /* Debug */,
				42F91BA32A1541B600DC0B6F /* Release */,
			);
			defaultConfigurationIsVisible = 0;
			defaultConfigurationName = Release;
		};
/* End XCConfigurationList section */
	};
	rootObject = 42F91B922A1541B600DC0B6F /* Project object */;
}
